// !$*UTF8*$!
{
	archiveVersion = 1;
	classes = {
	};
	objectVersion = 46;
	objects = {

/* Begin PBXBuildFile section */
		C9A79CEF1A518D6C0091A36B /* main.m in Sources */ = {isa = PBXBuildFile; fileRef = C9A79CEE1A518D6C0091A36B /* main.m */; };
		C9A79CF21A518D6C0091A36B /* AppDelegate.m in Sources */ = {isa = PBXBuildFile; fileRef = C9A79CF11A518D6C0091A36B /* AppDelegate.m */; };
		C9A79CF81A518D6C0091A36B /* Main.storyboard in Resources */ = {isa = PBXBuildFile; fileRef = C9A79CF61A518D6C0091A36B /* Main.storyboard */; };
		C9A79CFA1A518D6C0091A36B /* Images.xcassets in Resources */ = {isa = PBXBuildFile; fileRef = C9A79CF91A518D6C0091A36B /* Images.xcassets */; };
		C9A79CFD1A518D6C0091A36B /* LaunchScreen.xib in Resources */ = {isa = PBXBuildFile; fileRef = C9A79CFB1A518D6C0091A36B /* LaunchScreen.xib */; };
		C9A79D091A518D6C0091A36B /* RedditClientTests.m in Sources */ = {isa = PBXBuildFile; fileRef = C9A79D081A518D6C0091A36B /* RedditClientTests.m */; };
		C9A79D141A518F520091A36B /* PostViewController.m in Sources */ = {isa = PBXBuildFile; fileRef = C9A79D131A518F520091A36B /* PostViewController.m */; };
		C9A79D171A5193850091A36B /* Post.m in Sources */ = {isa = PBXBuildFile; fileRef = C9A79D161A5193850091A36B /* Post.m */; };
		FB0103BDCD0D667EBC9B3D6A /* libPods-RedditClient.a in Frameworks */ = {isa = PBXBuildFile; fileRef = E47E997BFD7C0DC4AD2474DC /* libPods-RedditClient.a */; };
/* End PBXBuildFile section */

/* Begin PBXContainerItemProxy section */
		C9A79D031A518D6C0091A36B /* PBXContainerItemProxy */ = {
			isa = PBXContainerItemProxy;
			containerPortal = C9A79CE11A518D6C0091A36B /* Project object */;
			proxyType = 1;
			remoteGlobalIDString = C9A79CE81A518D6C0091A36B;
			remoteInfo = RedditClient;
		};
/* End PBXContainerItemProxy section */

/* Begin PBXFileReference section */
		17366301122A03F2A74C4A68 /* Pods-RedditClient.release.xcconfig */ = {isa = PBXFileReference; includeInIndex = 1; lastKnownFileType = text.xcconfig; name = "Pods-RedditClient.release.xcconfig"; path = "Pods/Target Support Files/Pods-RedditClient/Pods-RedditClient.release.xcconfig"; sourceTree = "<group>"; };
		615DBDA9EC77B117BB5CE2C3 /* Pods-RedditClient.debug.xcconfig */ = {isa = PBXFileReference; includeInIndex = 1; lastKnownFileType = text.xcconfig; name = "Pods-RedditClient.debug.xcconfig"; path = "Pods/Target Support Files/Pods-RedditClient/Pods-RedditClient.debug.xcconfig"; sourceTree = "<group>"; };
		C9A79CE91A518D6C0091A36B /* RedditClient.app */ = {isa = PBXFileReference; explicitFileType = wrapper.application; includeInIndex = 0; path = RedditClient.app; sourceTree = BUILT_PRODUCTS_DIR; };
		C9A79CED1A518D6C0091A36B /* Info.plist */ = {isa = PBXFileReference; lastKnownFileType = text.plist.xml; path = Info.plist; sourceTree = "<group>"; };
		C9A79CEE1A518D6C0091A36B /* main.m */ = {isa = PBXFileReference; lastKnownFileType = sourcecode.c.objc; path = main.m; sourceTree = "<group>"; };
		C9A79CF01A518D6C0091A36B /* AppDelegate.h */ = {isa = PBXFileReference; lastKnownFileType = sourcecode.c.h; path = AppDelegate.h; sourceTree = "<group>"; };
		C9A79CF11A518D6C0091A36B /* AppDelegate.m */ = {isa = PBXFileReference; lastKnownFileType = sourcecode.c.objc; path = AppDelegate.m; sourceTree = "<group>"; };
		C9A79CF71A518D6C0091A36B /* Base */ = {isa = PBXFileReference; lastKnownFileType = file.storyboard; name = Base; path = Base.lproj/Main.storyboard; sourceTree = "<group>"; };
		C9A79CF91A518D6C0091A36B /* Images.xcassets */ = {isa = PBXFileReference; lastKnownFileType = folder.assetcatalog; path = Images.xcassets; sourceTree = "<group>"; };
		C9A79CFC1A518D6C0091A36B /* Base */ = {isa = PBXFileReference; lastKnownFileType = file.xib; name = Base; path = Base.lproj/LaunchScreen.xib; sourceTree = "<group>"; };
		C9A79D021A518D6C0091A36B /* RedditClientTests.xctest */ = {isa = PBXFileReference; explicitFileType = wrapper.cfbundle; includeInIndex = 0; path = RedditClientTests.xctest; sourceTree = BUILT_PRODUCTS_DIR; };
		C9A79D071A518D6C0091A36B /* Info.plist */ = {isa = PBXFileReference; lastKnownFileType = text.plist.xml; path = Info.plist; sourceTree = "<group>"; };
		C9A79D081A518D6C0091A36B /* RedditClientTests.m */ = {isa = PBXFileReference; lastKnownFileType = sourcecode.c.objc; path = RedditClientTests.m; sourceTree = "<group>"; };
		C9A79D121A518F520091A36B /* PostViewController.h */ = {isa = PBXFileReference; fileEncoding = 4; lastKnownFileType = sourcecode.c.h; path = PostViewController.h; sourceTree = "<group>"; };
		C9A79D131A518F520091A36B /* PostViewController.m */ = {isa = PBXFileReference; fileEncoding = 4; lastKnownFileType = sourcecode.c.objc; path = PostViewController.m; sourceTree = "<group>"; };
		C9A79D151A5193850091A36B /* Post.h */ = {isa = PBXFileReference; fileEncoding = 4; lastKnownFileType = sourcecode.c.h; path = Post.h; sourceTree = "<group>"; };
		C9A79D161A5193850091A36B /* Post.m */ = {isa = PBXFileReference; fileEncoding = 4; lastKnownFileType = sourcecode.c.objc; path = Post.m; sourceTree = "<group>"; };
		E47E997BFD7C0DC4AD2474DC /* libPods-RedditClient.a */ = {isa = PBXFileReference; explicitFileType = archive.ar; includeInIndex = 0; path = "libPods-RedditClient.a"; sourceTree = BUILT_PRODUCTS_DIR; };
/* End PBXFileReference section */

/* Begin PBXFrameworksBuildPhase section */
		C9A79CE61A518D6C0091A36B /* Frameworks */ = {
			isa = PBXFrameworksBuildPhase;
			buildActionMask = 2147483647;
			files = (
				FB0103BDCD0D667EBC9B3D6A /* libPods-RedditClient.a in Frameworks */,
			);
			runOnlyForDeploymentPostprocessing = 0;
		};
		C9A79CFF1A518D6C0091A36B /* Frameworks */ = {
			isa = PBXFrameworksBuildPhase;
			buildActionMask = 2147483647;
			files = (
			);
			runOnlyForDeploymentPostprocessing = 0;
		};
/* End PBXFrameworksBuildPhase section */

/* Begin PBXGroup section */
		358A04D7BB7E4CFF7B5A39C1 /* Pods */ = {
			isa = PBXGroup;
			children = (
				615DBDA9EC77B117BB5CE2C3 /* Pods-RedditClient.debug.xcconfig */,
				17366301122A03F2A74C4A68 /* Pods-RedditClient.release.xcconfig */,
			);
			name = Pods;
			sourceTree = "<group>";
		};
		B44AA620FD24A5E3DBA7153C /* Frameworks */ = {
			isa = PBXGroup;
			children = (
				E47E997BFD7C0DC4AD2474DC /* libPods-RedditClient.a */,
			);
			name = Frameworks;
			sourceTree = "<group>";
		};
		C9A79CE01A518D6C0091A36B = {
			isa = PBXGroup;
			children = (
				C9A79CEB1A518D6C0091A36B /* RedditClient */,
				C9A79D051A518D6C0091A36B /* RedditClientTests */,
				C9A79CEA1A518D6C0091A36B /* Products */,
				358A04D7BB7E4CFF7B5A39C1 /* Pods */,
				B44AA620FD24A5E3DBA7153C /* Frameworks */,
			);
			sourceTree = "<group>";
		};
		C9A79CEA1A518D6C0091A36B /* Products */ = {
			isa = PBXGroup;
			children = (
				C9A79CE91A518D6C0091A36B /* RedditClient.app */,
				C9A79D021A518D6C0091A36B /* RedditClientTests.xctest */,
			);
			name = Products;
			sourceTree = "<group>";
		};
		C9A79CEB1A518D6C0091A36B /* RedditClient */ = {
			isa = PBXGroup;
			children = (
				C9A79CF01A518D6C0091A36B /* AppDelegate.h */,
				C9A79CF11A518D6C0091A36B /* AppDelegate.m */,
				C9A79CF61A518D6C0091A36B /* Main.storyboard */,
				C9A79CF91A518D6C0091A36B /* Images.xcassets */,
				C9A79CFB1A518D6C0091A36B /* LaunchScreen.xib */,
				C9A79CEC1A518D6C0091A36B /* Supporting Files */,
				C9A79D121A518F520091A36B /* PostViewController.h */,
				C9A79D131A518F520091A36B /* PostViewController.m */,
				C9A79D151A5193850091A36B /* Post.h */,
				C9A79D161A5193850091A36B /* Post.m */,
			);
			path = RedditClient;
			sourceTree = "<group>";
		};
		C9A79CEC1A518D6C0091A36B /* Supporting Files */ = {
			isa = PBXGroup;
			children = (
				C9A79CED1A518D6C0091A36B /* Info.plist */,
				C9A79CEE1A518D6C0091A36B /* main.m */,
			);
			name = "Supporting Files";
			sourceTree = "<group>";
		};
		C9A79D051A518D6C0091A36B /* RedditClientTests */ = {
			isa = PBXGroup;
			children = (
				C9A79D081A518D6C0091A36B /* RedditClientTests.m */,
				C9A79D061A518D6C0091A36B /* Supporting Files */,
			);
			path = RedditClientTests;
			sourceTree = "<group>";
		};
		C9A79D061A518D6C0091A36B /* Supporting Files */ = {
			isa = PBXGroup;
			children = (
				C9A79D071A518D6C0091A36B /* Info.plist */,
			);
			name = "Supporting Files";
			sourceTree = "<group>";
		};
/* End PBXGroup section */

/* Begin PBXNativeTarget section */
		C9A79CE81A518D6C0091A36B /* RedditClient */ = {
			isa = PBXNativeTarget;
			buildConfigurationList = C9A79D0C1A518D6C0091A36B /* Build configuration list for PBXNativeTarget "RedditClient" */;
			buildPhases = (
				C9C27016B3F09257DDEA57C0 /* Check Pods Manifest.lock */,
				C9A79CE51A518D6C0091A36B /* Sources */,
				C9A79CE61A518D6C0091A36B /* Frameworks */,
				C9A79CE71A518D6C0091A36B /* Resources */,
				D606D8D1E32F94DEA9C56867 /* Copy Pods Resources */,
			);
			buildRules = (
			);
			dependencies = (
			);
			name = RedditClient;
			productName = RedditClient;
			productReference = C9A79CE91A518D6C0091A36B /* RedditClient.app */;
			productType = "com.apple.product-type.application";
		};
		C9A79D011A518D6C0091A36B /* RedditClientTests */ = {
			isa = PBXNativeTarget;
			buildConfigurationList = C9A79D0F1A518D6C0091A36B /* Build configuration list for PBXNativeTarget "RedditClientTests" */;
			buildPhases = (
				C9A79CFE1A518D6C0091A36B /* Sources */,
				C9A79CFF1A518D6C0091A36B /* Frameworks */,
				C9A79D001A518D6C0091A36B /* Resources */,
			);
			buildRules = (
			);
			dependencies = (
				C9A79D041A518D6C0091A36B /* PBXTargetDependency */,
			);
			name = RedditClientTests;
			productName = RedditClientTests;
			productReference = C9A79D021A518D6C0091A36B /* RedditClientTests.xctest */;
			productType = "com.apple.product-type.bundle.unit-test";
		};
/* End PBXNativeTarget section */

/* Begin PBXProject section */
		C9A79CE11A518D6C0091A36B /* Project object */ = {
			isa = PBXProject;
			attributes = {
				LastUpgradeCheck = 0610;
				ORGANIZATIONNAME = "Casey Scarborough";
				TargetAttributes = {
					C9A79CE81A518D6C0091A36B = {
						CreatedOnToolsVersion = 6.1.1;
					};
					C9A79D011A518D6C0091A36B = {
						CreatedOnToolsVersion = 6.1.1;
						TestTargetID = C9A79CE81A518D6C0091A36B;
					};
				};
			};
			buildConfigurationList = C9A79CE41A518D6C0091A36B /* Build configuration list for PBXProject "RedditClient" */;
			compatibilityVersion = "Xcode 3.2";
			developmentRegion = English;
			hasScannedForEncodings = 0;
			knownRegions = (
				en,
				Base,
			);
			mainGroup = C9A79CE01A518D6C0091A36B;
			productRefGroup = C9A79CEA1A518D6C0091A36B /* Products */;
			projectDirPath = "";
			projectRoot = "";
			targets = (
				C9A79CE81A518D6C0091A36B /* RedditClient */,
				C9A79D011A518D6C0091A36B /* RedditClientTests */,
			);
		};
/* End PBXProject section */

/* Begin PBXResourcesBuildPhase section */
		C9A79CE71A518D6C0091A36B /* Resources */ = {
			isa = PBXResourcesBuildPhase;
			buildActionMask = 2147483647;
			files = (
				C9A79CF81A518D6C0091A36B /* Main.storyboard in Resources */,
				C9A79CFD1A518D6C0091A36B /* LaunchScreen.xib in Resources */,
				C9A79CFA1A518D6C0091A36B /* Images.xcassets in Resources */,
			);
			runOnlyForDeploymentPostprocessing = 0;
		};
		C9A79D001A518D6C0091A36B /* Resources */ = {
			isa = PBXResourcesBuildPhase;
			buildActionMask = 2147483647;
			files = (
			);
			runOnlyForDeploymentPostprocessing = 0;
		};
/* End PBXResourcesBuildPhase section */

/* Begin PBXShellScriptBuildPhase section */
		C9C27016B3F09257DDEA57C0 /* Check Pods Manifest.lock */ = {
			isa = PBXShellScriptBuildPhase;
			buildActionMask = 2147483647;
			files = (
			);
			inputPaths = (
			);
			name = "Check Pods Manifest.lock";
			outputPaths = (
			);
			runOnlyForDeploymentPostprocessing = 0;
			shellPath = /bin/sh;
			shellScript = "diff \"${PODS_ROOT}/../Podfile.lock\" \"${PODS_ROOT}/Manifest.lock\" > /dev/null\nif [[ $? != 0 ]] ; then\n    cat << EOM\nerror: The sandbox is not in sync with the Podfile.lock. Run 'pod install' or update your CocoaPods installation.\nEOM\n    exit 1\nfi\n";
			showEnvVarsInLog = 0;
		};
		D606D8D1E32F94DEA9C56867 /* Copy Pods Resources */ = {
			isa = PBXShellScriptBuildPhase;
			buildActionMask = 2147483647;
			files = (
			);
			inputPaths = (
			);
			name = "Copy Pods Resources";
			outputPaths = (
			);
			runOnlyForDeploymentPostprocessing = 0;
			shellPath = /bin/sh;
			shellScript = "\"${SRCROOT}/Pods/Target Support Files/Pods-RedditClient/Pods-RedditClient-resources.sh\"\n";
			showEnvVarsInLog = 0;
		};
/* End PBXShellScriptBuildPhase section */

/* Begin PBXSourcesBuildPhase section */
		C9A79CE51A518D6C0091A36B /* Sources */ = {
			isa = PBXSourcesBuildPhase;
			buildActionMask = 2147483647;
			files = (
				C9A79CF21A518D6C0091A36B /* AppDelegate.m in Sources */,
				C9A79CEF1A518D6C0091A36B /* main.m in Sources */,
				C9A79D141A518F520091A36B /* PostViewController.m in Sources */,
				C9A79D171A5193850091A36B /* Post.m in Sources */,
			);
			runOnlyForDeploymentPostprocessing = 0;
		};
		C9A79CFE1A518D6C0091A36B /* Sources */ = {
			isa = PBXSourcesBuildPhase;
			buildActionMask = 2147483647;
			files = (
				C9A79D091A518D6C0091A36B /* RedditClientTests.m in Sources */,
			);
			runOnlyForDeploymentPostprocessing = 0;
		};
/* End PBXSourcesBuildPhase section */

/* Begin PBXTargetDependency section */
		C9A79D041A518D6C0091A36B /* PBXTargetDependency */ = {
			isa = PBXTargetDependency;
			target = C9A79CE81A518D6C0091A36B /* RedditClient */;
			targetProxy = C9A79D031A518D6C0091A36B /* PBXContainerItemProxy */;
		};
/* End PBXTargetDependency section */

/* Begin PBXVariantGroup section */
		C9A79CF61A518D6C0091A36B /* Main.storyboard */ = {
			isa = PBXVariantGroup;
			children = (
				C9A79CF71A518D6C0091A36B /* Base */,
			);
			name = Main.storyboard;
			sourceTree = "<group>";
		};
		C9A79CFB1A518D6C0091A36B /* LaunchScreen.xib */ = {
			isa = PBXVariantGroup;
			children = (
				C9A79CFC1A518D6C0091A36B /* Base */,
			);
			name = LaunchScreen.xib;
			sourceTree = "<group>";
		};
/* End PBXVariantGroup section */

/* Begin XCBuildConfiguration section */
		C9A79D0A1A518D6C0091A36B /* Debug */ = {
			isa = XCBuildConfiguration;
			buildSettings = {
				ALWAYS_SEARCH_USER_PATHS = NO;
				CLANG_CXX_LANGUAGE_STANDARD = "gnu++0x";
				CLANG_CXX_LIBRARY = "libc++";
				CLANG_ENABLE_MODULES = YES;
				CLANG_ENABLE_OBJC_ARC = YES;
				CLANG_WARN_BOOL_CONVERSION = YES;
				CLANG_WARN_CONSTANT_CONVERSION = YES;
				CLANG_WARN_DIRECT_OBJC_ISA_USAGE = YES_ERROR;
				CLANG_WARN_EMPTY_BODY = YES;
				CLANG_WARN_ENUM_CONVERSION = YES;
				CLANG_WARN_INT_CONVERSION = YES;
				CLANG_WARN_OBJC_ROOT_CLASS = YES_ERROR;
				CLANG_WARN_UNREACHABLE_CODE = YES;
				CLANG_WARN__DUPLICATE_METHOD_MATCH = YES;
				"CODE_SIGN_IDENTITY[sdk=iphoneos*]" = "iPhone Developer";
				COPY_PHASE_STRIP = NO;
				ENABLE_STRICT_OBJC_MSGSEND = YES;
				GCC_C_LANGUAGE_STANDARD = gnu99;
				GCC_DYNAMIC_NO_PIC = NO;
				GCC_OPTIMIZATION_LEVEL = 0;
				GCC_PREPROCESSOR_DEFINITIONS = (
					"DEBUG=1",
					"$(inherited)",
				);
				GCC_SYMBOLS_PRIVATE_EXTERN = NO;
				GCC_WARN_64_TO_32_BIT_CONVERSION = YES;
				GCC_WARN_ABOUT_RETURN_TYPE = YES_ERROR;
				GCC_WARN_UNDECLARED_SELECTOR = YES;
				GCC_WARN_UNINITIALIZED_AUTOS = YES_AGGRESSIVE;
				GCC_WARN_UNUSED_FUNCTION = YES;
				GCC_WARN_UNUSED_VARIABLE = YES;
				IPHONEOS_DEPLOYMENT_TARGET = 8.1;
				MTL_ENABLE_DEBUG_INFO = YES;
				ONLY_ACTIVE_ARCH = YES;
				SDKROOT = iphoneos;
			};
			name = Debug;
		};
		C9A79D0B1A518D6C0091A36B /* Release */ = {
			isa = XCBuildConfiguration;
			buildSettings = {
				ALWAYS_SEARCH_USER_PATHS = NO;
				CLANG_CXX_LANGUAGE_STANDARD = "gnu++0x";
				CLANG_CXX_LIBRARY = "libc++";
				CLANG_ENABLE_MODULES = YES;
				CLANG_ENABLE_OBJC_ARC = YES;
				CLANG_WARN_BOOL_CONVERSION = YES;
				CLANG_WARN_CONSTANT_CONVERSION = YES;
				CLANG_WARN_DIRECT_OBJC_ISA_USAGE = YES_ERROR;
				CLANG_WARN_EMPTY_BODY = YES;
				CLANG_WARN_ENUM_CONVERSION = YES;
				CLANG_WARN_INT_CONVERSION = YES;
				CLANG_WARN_OBJC_ROOT_CLASS = YES_ERROR;
				CLANG_WARN_UNREACHABLE_CODE = YES;
				CLANG_WARN__DUPLICATE_METHOD_MATCH = YES;
				"CODE_SIGN_IDENTITY[sdk=iphoneos*]" = "iPhone Developer";
				COPY_PHASE_STRIP = YES;
				ENABLE_NS_ASSERTIONS = NO;
				ENABLE_STRICT_OBJC_MSGSEND = YES;
				GCC_C_LANGUAGE_STANDARD = gnu99;
				GCC_WARN_64_TO_32_BIT_CONVERSION = YES;
				GCC_WARN_ABOUT_RETURN_TYPE = YES_ERROR;
				GCC_WARN_UNDECLARED_SELECTOR = YES;
				GCC_WARN_UNINITIALIZED_AUTOS = YES_AGGRESSIVE;
				GCC_WARN_UNUSED_FUNCTION = YES;
				GCC_WARN_UNUSED_VARIABLE = YES;
				IPHONEOS_DEPLOYMENT_TARGET = 8.1;
				MTL_ENABLE_DEBUG_INFO = NO;
				SDKROOT = iphoneos;
				VALIDATE_PRODUCT = YES;
			};
			name = Release;
		};
		C9A79D0D1A518D6C0091A36B /* Debug */ = {
			isa = XCBuildConfiguration;
			baseConfigurationReference = 615DBDA9EC77B117BB5CE2C3 /* Pods-RedditClient.debug.xcconfig */;
			buildSettings = {
				ASSETCATALOG_COMPILER_APPICON_NAME = AppIcon;
				INFOPLIST_FILE = RedditClient/Info.plist;
				LD_RUNPATH_SEARCH_PATHS = "$(inherited) @executable_path/Frameworks";
				PRODUCT_NAME = "$(TARGET_NAME)";
			};
			name = Debug;
		};
		C9A79D0E1A518D6C0091A36B /* Release */ = {
			isa = XCBuildConfiguration;
			baseConfigurationReference = 17366301122A03F2A74C4A68 /* Pods-RedditClient.release.xcconfig */;
			buildSettings = {
				ASSETCATALOG_COMPILER_APPICON_NAME = AppIcon;
				INFOPLIST_FILE = RedditClient/Info.plist;
				LD_RUNPATH_SEARCH_PATHS = "$(inherited) @executable_path/Frameworks";
				PRODUCT_NAME = "$(TARGET_NAME)";
			};
			name = Release;
		};
		C9A79D101A518D6C0091A36B /* Debug */ = {
			isa = XCBuildConfiguration;
			buildSettings = {
				BUNDLE_LOADER = "$(TEST_HOST)";
				FRAMEWORK_SEARCH_PATHS = (
					"$(SDKROOT)/Developer/Library/Frameworks",
					"$(inherited)",
				);
				GCC_PREPROCESSOR_DEFINITIONS = (
					"DEBUG=1",
					"$(inherited)",
				);
				INFOPLIST_FILE = RedditClientTests/Info.plist;
				LD_RUNPATH_SEARCH_PATHS = "$(inherited) @executable_path/Frameworks @loader_path/Frameworks";
				PRODUCT_NAME = "$(TARGET_NAME)";
				TEST_HOST = "$(BUILT_PRODUCTS_DIR)/RedditClient.app/RedditClient";
			};
			name = Debug;
		};
		C9A79D111A518D6C0091A36B /* Release */ = {
			isa = XCBuildConfiguration;
			buildSettings = {
				BUNDLE_LOADER = "$(TEST_HOST)";
				FRAMEWORK_SEARCH_PATHS = (
					"$(SDKROOT)/Developer/Library/Frameworks",
					"$(inherited)",
				);
				INFOPLIST_FILE = RedditClientTests/Info.plist;
				LD_RUNPATH_SEARCH_PATHS = "$(inherited) @executable_path/Frameworks @loader_path/Frameworks";
				PRODUCT_NAME = "$(TARGET_NAME)";
				TEST_HOST = "$(BUILT_PRODUCTS_DIR)/RedditClient.app/RedditClient";
			};
			name = Release;
		};
/* End XCBuildConfiguration section */

/* Begin XCConfigurationList section */
		C9A79CE41A518D6C0091A36B /* Build configuration list for PBXProject "RedditClient" */ = {
			isa = XCConfigurationList;
			buildConfigurations = (
				C9A79D0A1A518D6C0091A36B /* Debug */,
				C9A79D0B1A518D6C0091A36B /* Release */,
			);
			defaultConfigurationIsVisible = 0;
			defaultConfigurationName = Release;
		};
		C9A79D0C1A518D6C0091A36B /* Build configuration list for PBXNativeTarget "RedditClient" */ = {
			isa = XCConfigurationList;
			buildConfigurations = (
				C9A79D0D1A518D6C0091A36B /* Debug */,
				C9A79D0E1A518D6C0091A36B /* Release */,
			);
			defaultConfigurationIsVisible = 0;
			defaultConfigurationName = Release;
		};
		C9A79D0F1A518D6C0091A36B /* Build configuration list for PBXNativeTarget "RedditClientTests" */ = {
			isa = XCConfigurationList;
			buildConfigurations = (
				C9A79D101A518D6C0091A36B /* Debug */,
				C9A79D111A518D6C0091A36B /* Release */,
			);
			defaultConfigurationIsVisible = 0;
			defaultConfigurationName = Release;
		};
/* End XCConfigurationList section */
	};
	rootObject = C9A79CE11A518D6C0091A36B /* Project object */;
}
